// !$*UTF8*$!
{
	archiveVersion = 1;
	classes = {
	};
	objectVersion = 46;
	objects = {

/* Begin PBXBuildFile section */
		833F92EE1C7F646200A8B94A /* main.swift in Sources */ = {isa = PBXBuildFile; fileRef = 833F92ED1C7F646200A8B94A /* main.swift */; };
		833F92F71C7F745A00A8B94A /* ProjectEulerHelpers.swift in Sources */ = {isa = PBXBuildFile; fileRef = 833F92F61C7F745A00A8B94A /* ProjectEulerHelpers.swift */; };
/* End PBXBuildFile section */

/* Begin PBXCopyFilesBuildPhase section */
		833F92E81C7F646200A8B94A /* CopyFiles */ = {
			isa = PBXCopyFilesBuildPhase;
			buildActionMask = 2147483647;
			dstPath = /usr/share/man/man1/;
			dstSubfolderSpec = 0;
			files = (
			);
			runOnlyForDeploymentPostprocessing = 1;
		};
/* End PBXCopyFilesBuildPhase section */

/* Begin PBXFileReference section */
		833F92EA1C7F646200A8B94A /* Problem 12 */ = {isa = PBXFileReference; explicitFileType = "compiled.mach-o.executable"; includeInIndex = 0; path = "Problem 12"; sourceTree = BUILT_PRODUCTS_DIR; };
		833F92ED1C7F646200A8B94A /* main.swift */ = {isa = PBXFileReference; lastKnownFileType = sourcecode.swift; path = main.swift; sourceTree = "<group>"; };
		833F92F61C7F745A00A8B94A /* ProjectEulerHelpers.swift */ = {isa = PBXFileReference; fileEncoding = 4; lastKnownFileType = sourcecode.swift; name = ProjectEulerHelpers.swift; path = ../../ProjectEuler.playground/Sources/ProjectEulerHelpers.swift; sourceTree = "<group>"; };
/* End PBXFileReference section */

/* Begin PBXFrameworksBuildPhase section */
		833F92E71C7F646200A8B94A /* Frameworks */ = {
			isa = PBXFrameworksBuildPhase;
			buildActionMask = 2147483647;
			files = (
			);
			runOnlyForDeploymentPostprocessing = 0;
		};
/* End PBXFrameworksBuildPhase section */

/* Begin PBXGroup section */
		833F92E11C7F646200A8B94A = {
			isa = PBXGroup;
			children = (
				833F92EC1C7F646200A8B94A /* Problem 12 */,
				833F92EB1C7F646200A8B94A /* Products */,
			);
			sourceTree = "<group>";
		};
		833F92EB1C7F646200A8B94A /* Products */ = {
			isa = PBXGroup;
			children = (
				833F92EA1C7F646200A8B94A /* Problem 12 */,
			);
			name = Products;
			sourceTree = "<group>";
		};
		833F92EC1C7F646200A8B94A /* Problem 12 */ = {
			isa = PBXGroup;
			children = (
				833F92F61C7F745A00A8B94A /* ProjectEulerHelpers.swift */,
				833F92ED1C7F646200A8B94A /* main.swift */,
			);
			path = "Problem 12";
			sourceTree = "<group>";
		};
/* End PBXGroup section */

/* Begin PBXNativeTarget section */
		833F92E91C7F646200A8B94A /* Problem 12 */ = {
			isa = PBXNativeTarget;
			buildConfigurationList = 833F92F11C7F646200A8B94A /* Build configuration list for PBXNativeTarget "Problem 12" */;
			buildPhases = (
				833F92E61C7F646200A8B94A /* Sources */,
				833F92E71C7F646200A8B94A /* Frameworks */,
				833F92E81C7F646200A8B94A /* CopyFiles */,
			);
			buildRules = (
			);
			dependencies = (
			);
			name = "Problem 12";
			productName = "Problem 12";
			productReference = 833F92EA1C7F646200A8B94A /* Problem 12 */;
			productType = "com.apple.product-type.tool";
		};
/* End PBXNativeTarget section */

/* Begin PBXProject section */
		833F92E21C7F646200A8B94A /* Project object */ = {
			isa = PBXProject;
			attributes = {
				LastSwiftUpdateCheck = 0720;
				LastUpgradeCheck = 0720;
				ORGANIZATIONNAME = "Gabe Hoffman";
				TargetAttributes = {
					833F92E91C7F646200A8B94A = {
						CreatedOnToolsVersion = 7.2.1;
					};
				};
			};
			buildConfigurationList = 833F92E51C7F646200A8B94A /* Build configuration list for PBXProject "Problem 12" */;
			compatibilityVersion = "Xcode 3.2";
			developmentRegion = English;
			hasScannedForEncodings = 0;
			knownRegions = (
				en,
			);
			mainGroup = 833F92E11C7F646200A8B94A;
			productRefGroup = 833F92EB1C7F646200A8B94A /* Products */;
			projectDirPath = "";
			projectRoot = "";
			targets = (
				833F92E91C7F646200A8B94A /* Problem 12 */,
			);
		};
/* End PBXProject section */

/* Begin PBXSourcesBuildPhase section */
		833F92E61C7F646200A8B94A /* Sources */ = {
			isa = PBXSourcesBuildPhase;
			buildActionMask = 2147483647;
			files = (
				833F92EE1C7F646200A8B94A /* main.swift in Sources */,
				833F92F71C7F745A00A8B94A /* ProjectEulerHelpers.swift in Sources */,
			);
			runOnlyForDeploymentPostprocessing = 0;
		};
/* End PBXSourcesBuildPhase section */

/* Begin XCBuildConfiguration section */
		833F92EF1C7F646200A8B94A /* Debug */ = {
			isa = XCBuildConfiguration;
			buildSettings = {
				ALWAYS_SEARCH_USER_PATHS = NO;
				CLANG_CXX_LANGUAGE_STANDARD = "gnu++0x";
				CLANG_CXX_LIBRARY = "libc++";
				CLANG_ENABLE_MODULES = YES;
				CLANG_ENABLE_OBJC_ARC = YES;
				CLANG_WARN_BOOL_CONVERSION = YES;
				CLANG_WARN_CONSTANT_CONVERSION = YES;
				CLANG_WARN_DIRECT_OBJC_ISA_USAGE = YES_ERROR;
				CLANG_WARN_EMPTY_BODY = YES;
				CLANG_WARN_ENUM_CONVERSION = YES;
				CLANG_WARN_INT_CONVERSION = YES;
				CLANG_WARN_OBJC_ROOT_CLASS = YES_ERROR;
				CLANG_WARN_UNREACHABLE_CODE = YES;
				CLANG_WARN__DUPLICATE_METHOD_MATCH = YES;
				CODE_SIGN_IDENTITY = "-";
				COPY_PHASE_STRIP = NO;
				DEBUG_INFORMATION_FORMAT = dwarf;
				ENABLE_STRICT_OBJC_MSGSEND = YES;
				ENABLE_TESTABILITY = YES;
				GCC_C_LANGUAGE_STANDARD = gnu99;
				GCC_DYNAMIC_NO_PIC = NO;
				GCC_NO_COMMON_BLOCKS = YES;
				GCC_OPTIMIZATION_LEVEL = 0;
				GCC_PREPROCESSOR_DEFINITIONS = (
					"DEBUG=1",
					"$(inherited)",
				);
				GCC_WARN_64_TO_32_BIT_CONVERSION = YES;
				GCC_WARN_ABOUT_RETURN_TYPE = YES_ERROR;
				GCC_WARN_UNDECLARED_SELECTOR = YES;
				GCC_WARN_UNINITIALIZED_AUTOS = YES_AGGRESSIVE;
				GCC_WARN_UNUSED_FUNCTION = YES;
				GCC_WARN_UNUSED_VARIABLE = YES;
				MACOSX_DEPLOYMENT_TARGET = 10.11;
				MTL_ENABLE_DEBUG_INFO = YES;
				ONLY_ACTIVE_ARCH = YES;
				SDKROOT = macosx;
				SWIFT_OPTIMIZATION_LEVEL = "-Onone";
			};
			name = Debug;
		};
		833F92F01C7F646200A8B94A /* Release */ = {
			isa = XCBuildConfiguration;
			buildSettings = {
				ALWAYS_SEARCH_USER_PATHS = NO;
				CLANG_CXX_LANGUAGE_STANDARD = "gnu++0x";
				CLANG_CXX_LIBRARY = "libc++";
				CLANG_ENABLE_MODULES = YES;
				CLANG_ENABLE_OBJC_ARC = YES;
				CLANG_WARN_BOOL_CONVERSION = YES;
				CLANG_WARN_CONSTANT_CONVERSION = YES;
				CLANG_WARN_DIRECT_OBJC_ISA_USAGE = YES_ERROR;
				CLANG_WARN_EMPTY_BODY = YES;
				CLANG_WARN_ENUM_CONVERSION = YES;
				CLANG_WARN_INT_CONVERSION = YES;
				CLANG_WARN_OBJC_ROOT_CLASS = YES_ERROR;
				CLANG_WARN_UNREACHABLE_CODE = YES;
				CLANG_WARN__DUPLICATE_METHOD_MATCH = YES;
				CODE_SIGN_IDENTITY = "-";
				COPY_PHASE_STRIP = NO;
				DEBUG_INFORMATION_FORMAT = "dwarf-with-dsym";
				ENABLE_NS_ASSERTIONS = NO;
				ENABLE_STRICT_OBJC_MSGSEND = YES;
				GCC_C_LANGUAGE_STANDARD = gnu99;
				GCC_NO_COMMON_BLOCKS = YES;
				GCC_WARN_64_TO_32_BIT_CONVERSION = YES;
				GCC_WARN_ABOUT_RETURN_TYPE = YES_ERROR;
				GCC_WARN_UNDECLARED_SELECTOR = YES;
				GCC_WARN_UNINITIALIZED_AUTOS = YES_AGGRESSIVE;
				GCC_WARN_UNUSED_FUNCTION = YES;
				GCC_WARN_UNUSED_VARIABLE = YES;
				MACOSX_DEPLOYMENT_TARGET = 10.11;
				MTL_ENABLE_DEBUG_INFO = NO;
				SDKROOT = macosx;
			};
			name = Release;
		};
		833F92F21C7F646200A8B94A /* Debug */ = {
			isa = XCBuildConfiguration;
			buildSettings = {
				PRODUCT_NAME = "$(TARGET_NAME)";
			};
			name = Debug;
		};
		833F92F31C7F646200A8B94A /* Release */ = {
			isa = XCBuildConfiguration;
			buildSettings = {
				PRODUCT_NAME = "$(TARGET_NAME)";
			};
			name = Release;
		};
/* End XCBuildConfiguration section */

/* Begin XCConfigurationList section */
		833F92E51C7F646200A8B94A /* Build configuration list for PBXProject "Problem 12" */ = {
			isa = XCConfigurationList;
			buildConfigurations = (
				833F92EF1C7F646200A8B94A /* Debug */,
				833F92F01C7F646200A8B94A /* Release */,
			);
			defaultConfigurationIsVisible = 0;
			defaultConfigurationName = Release;
		};
		833F92F11C7F646200A8B94A /* Build configuration list for PBXNativeTarget "Problem 12" */ = {
			isa = XCConfigurationList;
			buildConfigurations = (
				833F92F21C7F646200A8B94A /* Debug */,
				833F92F31C7F646200A8B94A /* Release */,
			);
			defaultConfigurationIsVisible = 0;
		};
/* End XCConfigurationList section */
	};
	rootObject = 833F92E21C7F646200A8B94A /* Project object */;
}
